{
  "name": "linear-programming",
  "version": "1.0.0",
  "lockfileVersion": 3,
  "requires": true,
  "packages": {
    "": {
      "name": "linear-programming",
      "version": "1.0.0",
      "license": "ISC",
      "dependencies": {
        "highs": "^1.15.3"
      }
    },
    "node_modules/highs": {
      "version": "1.15.3",
      "resolved": "https://registry.npmjs.org/highs/-/highs-1.15.3.tgz",
      "integrity": "sha512-5rzjBlAkqRxr7FOv+iZjxF8nNfKsEt8uOaP3S6gls6yRf4+Jv4BqBIE3iPFsgfOHutQBMNxRE9jWhxRAM7Oycw==",
      "license": "MIT",
      "engines": {
        "node": ">=18"
      }
    }
  }
}
